// !$*UTF8*$!
{
	archiveVersion = 1;
	classes = {
	};
	objectVersion = 50;
	objects = {

/* Begin PBXBuildFile section */
		8D483B612235BB15003922A3 /* AppDelegate.swift in Sources */ = {isa = PBXBuildFile; fileRef = 8D483B602235BB15003922A3 /* AppDelegate.swift */; };
		8D483B632235BB15003922A3 /* MapViewController.swift in Sources */ = {isa = PBXBuildFile; fileRef = 8D483B622235BB15003922A3 /* MapViewController.swift */; };
		8D483B682235BB18003922A3 /* Assets.xcassets in Resources */ = {isa = PBXBuildFile; fileRef = 8D483B672235BB18003922A3 /* Assets.xcassets */; };
		8D483B6B2235BB18003922A3 /* LaunchScreen.storyboard in Resources */ = {isa = PBXBuildFile; fileRef = 8D483B692235BB18003922A3 /* LaunchScreen.storyboard */; };
		8D483B762235BCC5003922A3 /* PhotoAlbumViewController.swift in Sources */ = {isa = PBXBuildFile; fileRef = 8D483B752235BCC5003922A3 /* PhotoAlbumViewController.swift */; };
		8D483B7A2235D0C9003922A3 /* PhotoConstants.swift in Sources */ = {isa = PBXBuildFile; fileRef = 8D483B792235D0C9003922A3 /* PhotoConstants.swift */; };
		8D483B7C2235D236003922A3 /* PhotoClient.swift in Sources */ = {isa = PBXBuildFile; fileRef = 8D483B7B2235D236003922A3 /* PhotoClient.swift */; };
		8D483B7E2235D2DA003922A3 /* GCDBlackBox.swift in Sources */ = {isa = PBXBuildFile; fileRef = 8D483B7D2235D2DA003922A3 /* GCDBlackBox.swift */; };
		8D483B802240636E003922A3 /* DataController.swift in Sources */ = {isa = PBXBuildFile; fileRef = 8D483B7F2240636E003922A3 /* DataController.swift */; };
		8D483B852241C567003922A3 /* VirtualTour.xcdatamodeld in Sources */ = {isa = PBXBuildFile; fileRef = 8D483B832241C567003922A3 /* VirtualTour.xcdatamodeld */; };
		8D483B872241C6AD003922A3 /* Pin.swift in Sources */ = {isa = PBXBuildFile; fileRef = 8D483B862241C6AD003922A3 /* Pin.swift */; };
		8D483B892245B5FE003922A3 /* CollectionViewCell.swift in Sources */ = {isa = PBXBuildFile; fileRef = 8D483B882245B5FE003922A3 /* CollectionViewCell.swift */; };
		8D483B8B22496CE7003922A3 /* Main.storyboard in Resources */ = {isa = PBXBuildFile; fileRef = 8D483B8A22496CE6003922A3 /* Main.storyboard */; };
/* End PBXBuildFile section */

/* Begin PBXFileReference section */
		8D483B5D2235BB15003922A3 /* Virtual Tourist.app */ = {isa = PBXFileReference; explicitFileType = wrapper.application; includeInIndex = 0; path = "Virtual Tourist.app"; sourceTree = BUILT_PRODUCTS_DIR; };
		8D483B602235BB15003922A3 /* AppDelegate.swift */ = {isa = PBXFileReference; lastKnownFileType = sourcecode.swift; path = AppDelegate.swift; sourceTree = "<group>"; };
		8D483B622235BB15003922A3 /* MapViewController.swift */ = {isa = PBXFileReference; lastKnownFileType = sourcecode.swift; path = MapViewController.swift; sourceTree = "<group>"; };
		8D483B672235BB18003922A3 /* Assets.xcassets */ = {isa = PBXFileReference; lastKnownFileType = folder.assetcatalog; path = Assets.xcassets; sourceTree = "<group>"; };
		8D483B6A2235BB18003922A3 /* Base */ = {isa = PBXFileReference; lastKnownFileType = file.storyboard; name = Base; path = Base.lproj/LaunchScreen.storyboard; sourceTree = "<group>"; };
		8D483B6C2235BB18003922A3 /* Info.plist */ = {isa = PBXFileReference; lastKnownFileType = text.plist.xml; path = Info.plist; sourceTree = "<group>"; };
		8D483B752235BCC5003922A3 /* PhotoAlbumViewController.swift */ = {isa = PBXFileReference; lastKnownFileType = sourcecode.swift; path = PhotoAlbumViewController.swift; sourceTree = "<group>"; };
		8D483B792235D0C9003922A3 /* PhotoConstants.swift */ = {isa = PBXFileReference; lastKnownFileType = sourcecode.swift; path = PhotoConstants.swift; sourceTree = "<group>"; };
		8D483B7B2235D236003922A3 /* PhotoClient.swift */ = {isa = PBXFileReference; lastKnownFileType = sourcecode.swift; path = PhotoClient.swift; sourceTree = "<group>"; };
		8D483B7D2235D2DA003922A3 /* GCDBlackBox.swift */ = {isa = PBXFileReference; lastKnownFileType = sourcecode.swift; path = GCDBlackBox.swift; sourceTree = "<group>"; };
		8D483B7F2240636E003922A3 /* DataController.swift */ = {isa = PBXFileReference; lastKnownFileType = sourcecode.swift; path = DataController.swift; sourceTree = "<group>"; };
		8D483B842241C567003922A3 /* VirtualTour.xcdatamodel */ = {isa = PBXFileReference; lastKnownFileType = wrapper.xcdatamodel; path = VirtualTour.xcdatamodel; sourceTree = "<group>"; };
		8D483B862241C6AD003922A3 /* Pin.swift */ = {isa = PBXFileReference; lastKnownFileType = sourcecode.swift; path = Pin.swift; sourceTree = "<group>"; };
		8D483B882245B5FE003922A3 /* CollectionViewCell.swift */ = {isa = PBXFileReference; lastKnownFileType = sourcecode.swift; path = CollectionViewCell.swift; sourceTree = "<group>"; };
		8D483B8A22496CE6003922A3 /* Main.storyboard */ = {isa = PBXFileReference; fileEncoding = 4; lastKnownFileType = file.storyboard; path = Main.storyboard; sourceTree = "<group>"; };
/* End PBXFileReference section */

/* Begin PBXFrameworksBuildPhase section */
		8D483B5A2235BB15003922A3 /* Frameworks */ = {
			isa = PBXFrameworksBuildPhase;
			buildActionMask = 2147483647;
			files = (
			);
			runOnlyForDeploymentPostprocessing = 0;
		};
/* End PBXFrameworksBuildPhase section */

/* Begin PBXGroup section */
		8D483B542235BB15003922A3 = {
			isa = PBXGroup;
			children = (
				8D483B602235BB15003922A3 /* AppDelegate.swift */,
				8D483B5F2235BB15003922A3 /* Virtual Tourist */,
				8D483B5E2235BB15003922A3 /* Products */,
			);
			sourceTree = "<group>";
		};
		8D483B5E2235BB15003922A3 /* Products */ = {
			isa = PBXGroup;
			children = (
				8D483B5D2235BB15003922A3 /* Virtual Tourist.app */,
			);
			name = Products;
			sourceTree = "<group>";
		};
		8D483B5F2235BB15003922A3 /* Virtual Tourist */ = {
			isa = PBXGroup;
			children = (
				8D483B732235BC7E003922A3 /* Model */,
				8D483B672235BB18003922A3 /* Assets.xcassets */,
				8D483B692235BB18003922A3 /* LaunchScreen.storyboard */,
				8D483B8A22496CE6003922A3 /* Main.storyboard */,
				8D483B6C2235BB18003922A3 /* Info.plist */,
			);
			path = "Virtual Tourist";
			sourceTree = "<group>";
		};
		8D483B722235BC54003922A3 /* View Controllers */ = {
			isa = PBXGroup;
			children = (
				8D483B622235BB15003922A3 /* MapViewController.swift */,
				8D483B752235BCC5003922A3 /* PhotoAlbumViewController.swift */,
				8D483B882245B5FE003922A3 /* CollectionViewCell.swift */,
			);
			path = "View Controllers";
			sourceTree = "<group>";
		};
		8D483B732235BC7E003922A3 /* Model */ = {
			isa = PBXGroup;
			children = (
				8D483B722235BC54003922A3 /* View Controllers */,
				8D483B742235BC84003922A3 /* Managed Object Extenstions */,
				8D483B772235D088003922A3 /* Clients */,
				8D483B7F2240636E003922A3 /* DataController.swift */,
				8D483B832241C567003922A3 /* VirtualTour.xcdatamodeld */,
			);
			path = Model;
			sourceTree = "<group>";
		};
		8D483B742235BC84003922A3 /* Managed Object Extenstions */ = {
			isa = PBXGroup;
			children = (
				8D483B862241C6AD003922A3 /* Pin.swift */,
			);
			path = "Managed Object Extenstions";
			sourceTree = "<group>";
		};
		8D483B772235D088003922A3 /* Clients */ = {
			isa = PBXGroup;
			children = (
				8D483B782235D0A4003922A3 /* Photos */,
			);
			path = Clients;
			sourceTree = "<group>";
		};
		8D483B782235D0A4003922A3 /* Photos */ = {
			isa = PBXGroup;
			children = (
				8D483B7B2235D236003922A3 /* PhotoClient.swift */,
				8D483B792235D0C9003922A3 /* PhotoConstants.swift */,
				8D483B7D2235D2DA003922A3 /* GCDBlackBox.swift */,
			);
			path = Photos;
			sourceTree = "<group>";
		};
/* End PBXGroup section */

/* Begin PBXNativeTarget section */
		8D483B5C2235BB15003922A3 /* Virtual Tourist */ = {
			isa = PBXNativeTarget;
			buildConfigurationList = 8D483B6F2235BB18003922A3 /* Build configuration list for PBXNativeTarget "Virtual Tourist" */;
			buildPhases = (
				8D483B592235BB15003922A3 /* Sources */,
				8D483B5A2235BB15003922A3 /* Frameworks */,
				8D483B5B2235BB15003922A3 /* Resources */,
			);
			buildRules = (
			);
			dependencies = (
			);
			name = "Virtual Tourist";
			productName = "Virtual Tourist";
			productReference = 8D483B5D2235BB15003922A3 /* Virtual Tourist.app */;
			productType = "com.apple.product-type.application";
		};
/* End PBXNativeTarget section */

/* Begin PBXProject section */
		8D483B552235BB15003922A3 /* Project object */ = {
			isa = PBXProject;
			attributes = {
				LastSwiftUpdateCheck = 1000;
				LastUpgradeCheck = 1000;
				ORGANIZATIONNAME = "Matt Gilman";
				TargetAttributes = {
					8D483B5C2235BB15003922A3 = {
						CreatedOnToolsVersion = 10.0;
					};
				};
			};
			buildConfigurationList = 8D483B582235BB15003922A3 /* Build configuration list for PBXProject "Virtual Tourist" */;
			compatibilityVersion = "Xcode 9.3";
			developmentRegion = en;
			hasScannedForEncodings = 0;
			knownRegions = (
				en,
				Base,
			);
			mainGroup = 8D483B542235BB15003922A3;
			productRefGroup = 8D483B5E2235BB15003922A3 /* Products */;
			projectDirPath = "";
			projectRoot = "";
			targets = (
				8D483B5C2235BB15003922A3 /* Virtual Tourist */,
			);
		};
/* End PBXProject section */

/* Begin PBXResourcesBuildPhase section */
		8D483B5B2235BB15003922A3 /* Resources */ = {
			isa = PBXResourcesBuildPhase;
			buildActionMask = 2147483647;
			files = (
				8D483B8B22496CE7003922A3 /* Main.storyboard in Resources */,
				8D483B6B2235BB18003922A3 /* LaunchScreen.storyboard in Resources */,
				8D483B682235BB18003922A3 /* Assets.xcassets in Resources */,
			);
			runOnlyForDeploymentPostprocessing = 0;
		};
/* End PBXResourcesBuildPhase section */

/* Begin PBXSourcesBuildPhase section */
		8D483B592235BB15003922A3 /* Sources */ = {
			isa = PBXSourcesBuildPhase;
			buildActionMask = 2147483647;
			files = (
				8D483B892245B5FE003922A3 /* CollectionViewCell.swift in Sources */,
				8D483B802240636E003922A3 /* DataController.swift in Sources */,
				8D483B852241C567003922A3 /* VirtualTour.xcdatamodeld in Sources */,
				8D483B7C2235D236003922A3 /* PhotoClient.swift in Sources */,
				8D483B632235BB15003922A3 /* MapViewController.swift in Sources */,
				8D483B612235BB15003922A3 /* AppDelegate.swift in Sources */,
				8D483B7A2235D0C9003922A3 /* PhotoConstants.swift in Sources */,
				8D483B7E2235D2DA003922A3 /* GCDBlackBox.swift in Sources */,
				8D483B872241C6AD003922A3 /* Pin.swift in Sources */,
				8D483B762235BCC5003922A3 /* PhotoAlbumViewController.swift in Sources */,
			);
			runOnlyForDeploymentPostprocessing = 0;
		};
/* End PBXSourcesBuildPhase section */

/* Begin PBXVariantGroup section */
		8D483B692235BB18003922A3 /* LaunchScreen.storyboard */ = {
			isa = PBXVariantGroup;
			children = (
				8D483B6A2235BB18003922A3 /* Base */,
			);
			name = LaunchScreen.storyboard;
			sourceTree = "<group>";
		};
/* End PBXVariantGroup section */

/* Begin XCBuildConfiguration section */
		8D483B6D2235BB18003922A3 /* Debug */ = {
			isa = XCBuildConfiguration;
			buildSettings = {
				ALWAYS_SEARCH_USER_PATHS = NO;
				CLANG_ANALYZER_NONNULL = YES;
				CLANG_ANALYZER_NUMBER_OBJECT_CONVERSION = YES_AGGRESSIVE;
				CLANG_CXX_LANGUAGE_STANDARD = "gnu++14";
				CLANG_CXX_LIBRARY = "libc++";
				CLANG_ENABLE_MODULES = YES;
				CLANG_ENABLE_OBJC_ARC = YES;
				CLANG_ENABLE_OBJC_WEAK = YES;
				CLANG_WARN_BLOCK_CAPTURE_AUTORELEASING = YES;
				CLANG_WARN_BOOL_CONVERSION = YES;
				CLANG_WARN_COMMA = YES;
				CLANG_WARN_CONSTANT_CONVERSION = YES;
				CLANG_WARN_DEPRECATED_OBJC_IMPLEMENTATIONS = YES;
				CLANG_WARN_DIRECT_OBJC_ISA_USAGE = YES_ERROR;
				CLANG_WARN_DOCUMENTATION_COMMENTS = YES;
				CLANG_WARN_EMPTY_BODY = YES;
				CLANG_WARN_ENUM_CONVERSION = YES;
				CLANG_WARN_INFINITE_RECURSION = YES;
				CLANG_WARN_INT_CONVERSION = YES;
				CLANG_WARN_NON_LITERAL_NULL_CONVERSION = YES;
				CLANG_WARN_OBJC_IMPLICIT_RETAIN_SELF = YES;
				CLANG_WARN_OBJC_LITERAL_CONVERSION = YES;
				CLANG_WARN_OBJC_ROOT_CLASS = YES_ERROR;
				CLANG_WARN_RANGE_LOOP_ANALYSIS = YES;
				CLANG_WARN_STRICT_PROTOTYPES = YES;
				CLANG_WARN_SUSPICIOUS_MOVE = YES;
				CLANG_WARN_UNGUARDED_AVAILABILITY = YES_AGGRESSIVE;
				CLANG_WARN_UNREACHABLE_CODE = YES;
				CLANG_WARN__DUPLICATE_METHOD_MATCH = YES;
				CODE_SIGN_IDENTITY = "iPhone Developer";
				COPY_PHASE_STRIP = NO;
				DEBUG_INFORMATION_FORMAT = dwarf;
				ENABLE_STRICT_OBJC_MSGSEND = YES;
				ENABLE_TESTABILITY = YES;
				GCC_C_LANGUAGE_STANDARD = gnu11;
				GCC_DYNAMIC_NO_PIC = NO;
				GCC_NO_COMMON_BLOCKS = YES;
				GCC_OPTIMIZATION_LEVEL = 0;
				GCC_PREPROCESSOR_DEFINITIONS = (
					"DEBUG=1",
					"$(inherited)",
				);
				GCC_WARN_64_TO_32_BIT_CONVERSION = YES;
				GCC_WARN_ABOUT_RETURN_TYPE = YES_ERROR;
				GCC_WARN_UNDECLARED_SELECTOR = YES;
				GCC_WARN_UNINITIALIZED_AUTOS = YES_AGGRESSIVE;
				GCC_WARN_UNUSED_FUNCTION = YES;
				GCC_WARN_UNUSED_VARIABLE = YES;
				IPHONEOS_DEPLOYMENT_TARGET = 12.0;
				MTL_ENABLE_DEBUG_INFO = INCLUDE_SOURCE;
				MTL_FAST_MATH = YES;
				ONLY_ACTIVE_ARCH = YES;
				SDKROOT = iphoneos;
				SWIFT_ACTIVE_COMPILATION_CONDITIONS = DEBUG;
				SWIFT_OPTIMIZATION_LEVEL = "-Onone";
			};
			name = Debug;
		};
		8D483B6E2235BB18003922A3 /* Release */ = {
			isa = XCBuildConfiguration;
			buildSettings = {
				ALWAYS_SEARCH_USER_PATHS = NO;
				CLANG_ANALYZER_NONNULL = YES;
				CLANG_ANALYZER_NUMBER_OBJECT_CONVERSION = YES_AGGRESSIVE;
				CLANG_CXX_LANGUAGE_STANDARD = "gnu++14";
				CLANG_CXX_LIBRARY = "libc++";
				CLANG_ENABLE_MODULES = YES;
				CLANG_ENABLE_OBJC_ARC = YES;
				CLANG_ENABLE_OBJC_WEAK = YES;
				CLANG_WARN_BLOCK_CAPTURE_AUTORELEASING = YES;
				CLANG_WARN_BOOL_CONVERSION = YES;
				CLANG_WARN_COMMA = YES;
				CLANG_WARN_CONSTANT_CONVERSION = YES;
				CLANG_WARN_DEPRECATED_OBJC_IMPLEMENTATIONS = YES;
				CLANG_WARN_DIRECT_OBJC_ISA_USAGE = YES_ERROR;
				CLANG_WARN_DOCUMENTATION_COMMENTS = YES;
				CLANG_WARN_EMPTY_BODY = YES;
				CLANG_WARN_ENUM_CONVERSION = YES;
				CLANG_WARN_INFINITE_RECURSION = YES;
				CLANG_WARN_INT_CONVERSION = YES;
				CLANG_WARN_NON_LITERAL_NULL_CONVERSION = YES;
				CLANG_WARN_OBJC_IMPLICIT_RETAIN_SELF = YES;
				CLANG_WARN_OBJC_LITERAL_CONVERSION = YES;
				CLANG_WARN_OBJC_ROOT_CLASS = YES_ERROR;
				CLANG_WARN_RANGE_LOOP_ANALYSIS = YES;
				CLANG_WARN_STRICT_PROTOTYPES = YES;
				CLANG_WARN_SUSPICIOUS_MOVE = YES;
				CLANG_WARN_UNGUARDED_AVAILABILITY = YES_AGGRESSIVE;
				CLANG_WARN_UNREACHABLE_CODE = YES;
				CLANG_WARN__DUPLICATE_METHOD_MATCH = YES;
				CODE_SIGN_IDENTITY = "iPhone Developer";
				COPY_PHASE_STRIP = NO;
				DEBUG_INFORMATION_FORMAT = "dwarf-with-dsym";
				ENABLE_NS_ASSERTIONS = NO;
				ENABLE_STRICT_OBJC_MSGSEND = YES;
				GCC_C_LANGUAGE_STANDARD = gnu11;
				GCC_NO_COMMON_BLOCKS = YES;
				GCC_WARN_64_TO_32_BIT_CONVERSION = YES;
				GCC_WARN_ABOUT_RETURN_TYPE = YES_ERROR;
				GCC_WARN_UNDECLARED_SELECTOR = YES;
				GCC_WARN_UNINITIALIZED_AUTOS = YES_AGGRESSIVE;
				GCC_WARN_UNUSED_FUNCTION = YES;
				GCC_WARN_UNUSED_VARIABLE = YES;
				IPHONEOS_DEPLOYMENT_TARGET = 12.0;
				MTL_ENABLE_DEBUG_INFO = NO;
				MTL_FAST_MATH = YES;
				SDKROOT = iphoneos;
				SWIFT_COMPILATION_MODE = wholemodule;
				SWIFT_OPTIMIZATION_LEVEL = "-O";
				VALIDATE_PRODUCT = YES;
			};
			name = Release;
		};
		8D483B702235BB18003922A3 /* Debug */ = {
			isa = XCBuildConfiguration;
			buildSettings = {
				ASSETCATALOG_COMPILER_APPICON_NAME = AppIcon;
				CODE_SIGN_STYLE = Automatic;
				INFOPLIST_FILE = "Virtual Tourist/Info.plist";
				LD_RUNPATH_SEARCH_PATHS = (
					"$(inherited)",
					"@executable_path/Frameworks",
				);
				PRODUCT_BUNDLE_IDENTIFIER = "com.Udacity.Virtual-Tourist";
				PRODUCT_NAME = "$(TARGET_NAME)";
				SWIFT_VERSION = 4.2;
				TARGETED_DEVICE_FAMILY = "1,2";
			};
			name = Debug;
		};
		8D483B712235BB18003922A3 /* Release */ = {
			isa = XCBuildConfiguration;
			buildSettings = {
				ASSETCATALOG_COMPILER_APPICON_NAME = AppIcon;
				CODE_SIGN_STYLE = Automatic;
				INFOPLIST_FILE = "Virtual Tourist/Info.plist";
				LD_RUNPATH_SEARCH_PATHS = (
					"$(inherited)",
					"@executable_path/Frameworks",
				);
				PRODUCT_BUNDLE_IDENTIFIER = "com.Udacity.Virtual-Tourist";
				PRODUCT_NAME = "$(TARGET_NAME)";
				SWIFT_VERSION = 4.2;
				TARGETED_DEVICE_FAMILY = "1,2";
			};
			name = Release;
		};
/* End XCBuildConfiguration section */

/* Begin XCConfigurationList section */
		8D483B582235BB15003922A3 /* Build configuration list for PBXProject "Virtual Tourist" */ = {
			isa = XCConfigurationList;
			buildConfigurations = (
				8D483B6D2235BB18003922A3 /* Debug */,
				8D483B6E2235BB18003922A3 /* Release */,
			);
			defaultConfigurationIsVisible = 0;
			defaultConfigurationName = Release;
		};
		8D483B6F2235BB18003922A3 /* Build configuration list for PBXNativeTarget "Virtual Tourist" */ = {
			isa = XCConfigurationList;
			buildConfigurations = (
				8D483B702235BB18003922A3 /* Debug */,
				8D483B712235BB18003922A3 /* Release */,
			);
			defaultConfigurationIsVisible = 0;
			defaultConfigurationName = Release;
		};
/* End XCConfigurationList section */

/* Begin XCVersionGroup section */
		8D483B832241C567003922A3 /* VirtualTour.xcdatamodeld */ = {
			isa = XCVersionGroup;
			children = (
				8D483B842241C567003922A3 /* VirtualTour.xcdatamodel */,
			);
			currentVersion = 8D483B842241C567003922A3 /* VirtualTour.xcdatamodel */;
			path = VirtualTour.xcdatamodeld;
			sourceTree = "<group>";
			versionGroupType = wrapper.xcdatamodel;
		};
/* End XCVersionGroup section */
	};
	rootObject = 8D483B552235BB15003922A3 /* Project object */;
}
